
Microsoft Visual Studio Solution File, Format Version 12.00
# Visual Studio Version 17
VisualStudioVersion = 17.2.32602.215
MinimumVisualStudioVersion = 10.0.40219.1
Project("{9092AA53-FB77-4645-B42D-1CCCA6BD08BD}") = "digicache", "digicache\digicache.njsproj", "{442B4AC3-CE47-41E7-8918-8FEBC5911C06}"
EndProject
Global
	GlobalSection(SolutionConfigurationPlatforms) = preSolution
		Debug|Any CPU = Debug|Any CPU
		Release|Any CPU = Release|Any CPU
	EndGlobalSection
	GlobalSection(ProjectConfigurationPlatforms) = postSolution
		{442B4AC3-CE47-41E7-8918-8FEBC5911C06}.Debug|Any CPU.ActiveCfg = Debug|Any CPU
		{442B4AC3-CE47-41E7-8918-8FEBC5911C06}.Debug|Any CPU.Build.0 = Debug|Any CPU
		{442B4AC3-CE47-41E7-8918-8FEBC5911C06}.Release|Any CPU.ActiveCfg = Release|Any CPU
		{442B4AC3-CE47-41E7-8918-8FEBC5911C06}.Release|Any CPU.Build.0 = Release|Any CPU
	EndGlobalSection
	GlobalSection(SolutionProperties) = preSolution
		HideSolutionNode = FALSE
	EndGlobalSection
	GlobalSection(ExtensibilityGlobals) = postSolution
		SolutionGuid = {DAE24294-6A67-43A0-A0B0-453F1D6FD38E}
	EndGlobalSection
EndGlobal
